
Microsoft Visual Studio Solution File, Format Version 12.00
# Visual Studio Version 17
VisualStudioVersion = 17.14.36915.13 d17.14
MinimumVisualStudioVersion = 10.0.40219.1
Project("{FAE04EC0-301F-11D3-BF4B-00C04F79EFBC}") = "JogoDaCobrinha", "JogoDaCobrinha\JogoDaCobrinha.csproj", "{C29F540A-0918-4237-A01A-38519984B55E}"
EndProject
Global
	GlobalSection(SolutionConfigurationPlatforms) = preSolution
		Debug|Any CPU = Debug|Any CPU
		Release|Any CPU = Release|Any CPU
	EndGlobalSection
	GlobalSection(ProjectConfigurationPlatforms) = postSolution
		{C29F540A-0918-4237-A01A-38519984B55E}.Debug|Any CPU.ActiveCfg = Debug|Any CPU
		{C29F540A-0918-4237-A01A-38519984B55E}.Debug|Any CPU.Build.0 = Debug|Any CPU
		{C29F540A-0918-4237-A01A-38519984B55E}.Release|Any CPU.ActiveCfg = Release|Any CPU
		{C29F540A-0918-4237-A01A-38519984B55E}.Release|Any CPU.Build.0 = Release|Any CPU
	EndGlobalSection
	GlobalSection(SolutionProperties) = preSolution
		HideSolutionNode = FALSE
	EndGlobalSection
	GlobalSection(ExtensibilityGlobals) = postSolution
		SolutionGuid = {83B0A009-17BB-4D49-8EE7-6C8F4A7D53C3}
	EndGlobalSection
EndGlobal
